
Microsoft Visual Studio Solution File, Format Version 12.00
# Visual Studio Version 17
VisualStudioVersion = 17.7.34221.43
MinimumVisualStudioVersion = 10.0.40219.1
Project("{FAE04EC0-301F-11D3-BF4B-00C04F79EFBC}") = "WinFormsApp1", "WinFormsApp1\WinFormsApp1.csproj", "{F2D58B68-6675-450D-96A0-EC59D4875633}"
EndProject
Global
	GlobalSection(SolutionConfigurationPlatforms) = preSolution
		Debug|Any CPU = Debug|Any CPU
		Release|Any CPU = Release|Any CPU
	EndGlobalSection
	GlobalSection(ProjectConfigurationPlatforms) = postSolution
		{F2D58B68-6675-450D-96A0-EC59D4875633}.Debug|Any CPU.ActiveCfg = Debug|Any CPU
		{F2D58B68-6675-450D-96A0-EC59D4875633}.Debug|Any CPU.Build.0 = Debug|Any CPU
		{F2D58B68-6675-450D-96A0-EC59D4875633}.Release|Any CPU.ActiveCfg = Release|Any CPU
		{F2D58B68-6675-450D-96A0-EC59D4875633}.Release|Any CPU.Build.0 = Release|Any CPU
	EndGlobalSection
	GlobalSection(SolutionProperties) = preSolution
		HideSolutionNode = FALSE
	EndGlobalSection
	GlobalSection(ExtensibilityGlobals) = postSolution
		SolutionGuid = {E8C5A70A-6D59-4F49-A063-C124B0A59BE2}
	EndGlobalSection
EndGlobal
